
Microsoft Visual Studio Solution File, Format Version 12.00
# Visual Studio 15
VisualStudioVersion = 15.0.28010.2046
MinimumVisualStudioVersion = 10.0.40219.1
Project("{FAE04EC0-301F-11D3-BF4B-00C04F79EFBC}") = "OSIProject.ProjectType", "OSIProject\OSIProject.ProjectType\OSIProject.ProjectType.csproj", "{C0FDBADE-795C-49BE-8E87-10EC1E857C1D}"
EndProject
Project("{FAE04EC0-301F-11D3-BF4B-00C04F79EFBC}") = "OSIProject.ProjectTemplate", "OSIProject\OSIProject.ProjectTemplate\OSIProject.ProjectTemplate.csproj", "{87A94671-EF2D-491A-8AE4-7903E4DFD03D}"
EndProject
Project("{FAE04EC0-301F-11D3-BF4B-00C04F79EFBC}") = "OSIProject.Tasks", "OSIProject.Tasks\OSIProject.Tasks.csproj", "{29F5F288-2F20-41DE-932F-4E1A49A4EFF3}"
EndProject
Project("{FAE04EC0-301F-11D3-BF4B-00C04F79EFBC}") = "OSIProject.Language", "OSIProject.Language\OSIProject.Language.csproj", "{67E343FA-129B-4CC5-8BC7-80EA5853E786}"
EndProject
Project("{FAE04EC0-301F-11D3-BF4B-00C04F79EFBC}") = "OSIProject.Language.Test", "OSIProject.Language.Test\OSIProject.Language.Test.csproj", "{2A1D9729-6471-4BEF-B735-A52660D07106}"
EndProject
Project("{2150E333-8FDC-42A3-9474-1A3956D46DE8}") = "Solution Items", "Solution Items", "{537C8041-95AA-465E-A1DC-F9CC1A5F8680}"
	ProjectSection(SolutionItems) = preProject
		README.md = README.md
	EndProjectSection
EndProject
Project("{8BC9CEB8-8B4A-11D0-8D11-00A0C91BC942}") = "OSIProject.DebugServer", "OSIProject.DebugServer\OSIProject.DebugServer.vcxproj", "{1B2C925F-63D8-4339-B58E-6C016B72AF4D}"
EndProject
Global
	GlobalSection(SolutionConfigurationPlatforms) = preSolution
		Debug|Any CPU = Debug|Any CPU
		Debug|x64 = Debug|x64
		Debug|x86 = Debug|x86
		Release|Any CPU = Release|Any CPU
		Release|x64 = Release|x64
		Release|x86 = Release|x86
	EndGlobalSection
	GlobalSection(ProjectConfigurationPlatforms) = postSolution
		{C0FDBADE-795C-49BE-8E87-10EC1E857C1D}.Debug|Any CPU.ActiveCfg = Debug|Any CPU
		{C0FDBADE-795C-49BE-8E87-10EC1E857C1D}.Debug|Any CPU.Build.0 = Debug|Any CPU
		{C0FDBADE-795C-49BE-8E87-10EC1E857C1D}.Debug|x64.ActiveCfg = Debug|Any CPU
		{C0FDBADE-795C-49BE-8E87-10EC1E857C1D}.Debug|x64.Build.0 = Debug|Any CPU
		{C0FDBADE-795C-49BE-8E87-10EC1E857C1D}.Debug|x86.ActiveCfg = Debug|Any CPU
		{C0FDBADE-795C-49BE-8E87-10EC1E857C1D}.Debug|x86.Build.0 = Debug|Any CPU
		{C0FDBADE-795C-49BE-8E87-10EC1E857C1D}.Release|Any CPU.ActiveCfg = Release|Any CPU
		{C0FDBADE-795C-49BE-8E87-10EC1E857C1D}.Release|Any CPU.Build.0 = Release|Any CPU
		{C0FDBADE-795C-49BE-8E87-10EC1E857C1D}.Release|x64.ActiveCfg = Release|Any CPU
		{C0FDBADE-795C-49BE-8E87-10EC1E857C1D}.Release|x64.Build.0 = Release|Any CPU
		{C0FDBADE-795C-49BE-8E87-10EC1E857C1D}.Release|x86.ActiveCfg = Release|Any CPU
		{C0FDBADE-795C-49BE-8E87-10EC1E857C1D}.Release|x86.Build.0 = Release|Any CPU
		{87A94671-EF2D-491A-8AE4-7903E4DFD03D}.Debug|Any CPU.ActiveCfg = Debug|Any CPU
		{87A94671-EF2D-491A-8AE4-7903E4DFD03D}.Debug|Any CPU.Build.0 = Debug|Any CPU
		{87A94671-EF2D-491A-8AE4-7903E4DFD03D}.Debug|x64.ActiveCfg = Debug|Any CPU
		{87A94671-EF2D-491A-8AE4-7903E4DFD03D}.Debug|x64.Build.0 = Debug|Any CPU
		{87A94671-EF2D-491A-8AE4-7903E4DFD03D}.Debug|x86.ActiveCfg = Debug|Any CPU
		{87A94671-EF2D-491A-8AE4-7903E4DFD03D}.Debug|x86.Build.0 = Debug|Any CPU
		{87A94671-EF2D-491A-8AE4-7903E4DFD03D}.Release|Any CPU.ActiveCfg = Release|Any CPU
		{87A94671-EF2D-491A-8AE4-7903E4DFD03D}.Release|Any CPU.Build.0 = Release|Any CPU
		{87A94671-EF2D-491A-8AE4-7903E4DFD03D}.Release|x64.ActiveCfg = Release|Any CPU
		{87A94671-EF2D-491A-8AE4-7903E4DFD03D}.Release|x64.Build.0 = Release|Any CPU
		{87A94671-EF2D-491A-8AE4-7903E4DFD03D}.Release|x86.ActiveCfg = Release|Any CPU
		{87A94671-EF2D-491A-8AE4-7903E4DFD03D}.Release|x86.Build.0 = Release|Any CPU
		{29F5F288-2F20-41DE-932F-4E1A49A4EFF3}.Debug|Any CPU.ActiveCfg = Debug|Any CPU
		{29F5F288-2F20-41DE-932F-4E1A49A4EFF3}.Debug|Any CPU.Build.0 = Debug|Any CPU
		{29F5F288-2F20-41DE-932F-4E1A49A4EFF3}.Debug|x64.ActiveCfg = Debug|Any CPU
		{29F5F288-2F20-41DE-932F-4E1A49A4EFF3}.Debug|x64.Build.0 = Debug|Any CPU
		{29F5F288-2F20-41DE-932F-4E1A49A4EFF3}.Debug|x86.ActiveCfg = Debug|Any CPU
		{29F5F288-2F20-41DE-932F-4E1A49A4EFF3}.Debug|x86.Build.0 = Debug|Any CPU
		{29F5F288-2F20-41DE-932F-4E1A49A4EFF3}.Release|Any CPU.ActiveCfg = Release|Any CPU
		{29F5F288-2F20-41DE-932F-4E1A49A4EFF3}.Release|Any CPU.Build.0 = Release|Any CPU
		{29F5F288-2F20-41DE-932F-4E1A49A4EFF3}.Release|x64.ActiveCfg = Release|Any CPU
		{29F5F288-2F20-41DE-932F-4E1A49A4EFF3}.Release|x64.Build.0 = Release|Any CPU
		{29F5F288-2F20-41DE-932F-4E1A49A4EFF3}.Release|x86.ActiveCfg = Release|Any CPU
		{29F5F288-2F20-41DE-932F-4E1A49A4EFF3}.Release|x86.Build.0 = Release|Any CPU
		{67E343FA-129B-4CC5-8BC7-80EA5853E786}.Debug|Any CPU.ActiveCfg = Debug|Any CPU
		{67E343FA-129B-4CC5-8BC7-80EA5853E786}.Debug|Any CPU.Build.0 = Debug|Any CPU
		{67E343FA-129B-4CC5-8BC7-80EA5853E786}.Debug|x64.ActiveCfg = Debug|Any CPU
		{67E343FA-129B-4CC5-8BC7-80EA5853E786}.Debug|x64.Build.0 = Debug|Any CPU
		{67E343FA-129B-4CC5-8BC7-80EA5853E786}.Debug|x86.ActiveCfg = Debug|Any CPU
		{67E343FA-129B-4CC5-8BC7-80EA5853E786}.Debug|x86.Build.0 = Debug|Any CPU
		{67E343FA-129B-4CC5-8BC7-80EA5853E786}.Release|Any CPU.ActiveCfg = Release|Any CPU
		{67E343FA-129B-4CC5-8BC7-80EA5853E786}.Release|Any CPU.Build.0 = Release|Any CPU
		{67E343FA-129B-4CC5-8BC7-80EA5853E786}.Release|x64.ActiveCfg = Release|Any CPU
		{67E343FA-129B-4CC5-8BC7-80EA5853E786}.Release|x64.Build.0 = Release|Any CPU
		{67E343FA-129B-4CC5-8BC7-80EA5853E786}.Release|x86.ActiveCfg = Release|Any CPU
		{67E343FA-129B-4CC5-8BC7-80EA5853E786}.Release|x86.Build.0 = Release|Any CPU
		{2A1D9729-6471-4BEF-B735-A52660D07106}.Debug|Any CPU.ActiveCfg = Debug|Any CPU
		{2A1D9729-6471-4BEF-B735-A52660D07106}.Debug|Any CPU.Build.0 = Debug|Any CPU
		{2A1D9729-6471-4BEF-B735-A52660D07106}.Debug|x64.ActiveCfg = Debug|Any CPU
		{2A1D9729-6471-4BEF-B735-A52660D07106}.Debug|x64.Build.0 = Debug|Any CPU
		{2A1D9729-6471-4BEF-B735-A52660D07106}.Debug|x86.ActiveCfg = Debug|Any CPU
		{2A1D9729-6471-4BEF-B735-A52660D07106}.Debug|x86.Build.0 = Debug|Any CPU
		{2A1D9729-6471-4BEF-B735-A52660D07106}.Release|Any CPU.ActiveCfg = Release|Any CPU
		{2A1D9729-6471-4BEF-B735-A52660D07106}.Release|Any CPU.Build.0 = Release|Any CPU
		{2A1D9729-6471-4BEF-B735-A52660D07106}.Release|x64.ActiveCfg = Release|Any CPU
		{2A1D9729-6471-4BEF-B735-A52660D07106}.Release|x64.Build.0 = Release|Any CPU
		{2A1D9729-6471-4BEF-B735-A52660D07106}.Release|x86.ActiveCfg = Release|Any CPU
		{2A1D9729-6471-4BEF-B735-A52660D07106}.Release|x86.Build.0 = Release|Any CPU
		{1B2C925F-63D8-4339-B58E-6C016B72AF4D}.Debug|Any CPU.ActiveCfg = Debug|Win32
		{1B2C925F-63D8-4339-B58E-6C016B72AF4D}.Debug|Any CPU.Build.0 = Debug|Win32
		{1B2C925F-63D8-4339-B58E-6C016B72AF4D}.Debug|x64.ActiveCfg = Debug|x64
		{1B2C925F-63D8-4339-B58E-6C016B72AF4D}.Debug|x64.Build.0 = Debug|x64
		{1B2C925F-63D8-4339-B58E-6C016B72AF4D}.Debug|x86.ActiveCfg = Debug|Win32
		{1B2C925F-63D8-4339-B58E-6C016B72AF4D}.Debug|x86.Build.0 = Debug|Win32
		{1B2C925F-63D8-4339-B58E-6C016B72AF4D}.Release|Any CPU.ActiveCfg = Release|Win32
		{1B2C925F-63D8-4339-B58E-6C016B72AF4D}.Release|Any CPU.Build.0 = Release|Win32
		{1B2C925F-63D8-4339-B58E-6C016B72AF4D}.Release|x64.ActiveCfg = Release|x64
		{1B2C925F-63D8-4339-B58E-6C016B72AF4D}.Release|x64.Build.0 = Release|x64
		{1B2C925F-63D8-4339-B58E-6C016B72AF4D}.Release|x86.ActiveCfg = Release|Win32
		{1B2C925F-63D8-4339-B58E-6C016B72AF4D}.Release|x86.Build.0 = Release|Win32
	EndGlobalSection
	GlobalSection(SolutionProperties) = preSolution
		HideSolutionNode = FALSE
	EndGlobalSection
	GlobalSection(ExtensibilityGlobals) = postSolution
		SolutionGuid = {0CC316B3-924C-4F6A-81A3-ED2EC2FEA382}
	EndGlobalSection
EndGlobal
